
Microsoft Visual Studio Solution File, Format Version 12.00
Project("{FAE04EC0-301F-11D3-BF4B-00C04F79EFBC}") = "MTS.Web", "src\MTS.Web\MTS.Web.csproj", "{BBF08D95-C489-4A9B-AD3C-A43DD2247879}"
EndProject
Global
	GlobalSection(SolutionConfigurationPlatforms) = preSolution
		Debug|Any CPU = Debug|Any CPU
		Release|Any CPU = Release|Any CPU
	EndGlobalSection
	GlobalSection(ProjectConfigurationPlatforms) = postSolution
		{BBF08D95-C489-4A9B-AD3C-A43DD2247879}.Debug|Any CPU.ActiveCfg = Debug|Any CPU
		{BBF08D95-C489-4A9B-AD3C-A43DD2247879}.Debug|Any CPU.Build.0 = Debug|Any CPU
		{BBF08D95-C489-4A9B-AD3C-A43DD2247879}.Release|Any CPU.ActiveCfg = Release|Any CPU
		{BBF08D95-C489-4A9B-AD3C-A43DD2247879}.Release|Any CPU.Build.0 = Release|Any CPU
	EndGlobalSection
EndGlobal
